
Microsoft Visual Studio Solution File, Format Version 12.00
# Visual Studio 2013
VisualStudioVersion = 15.0.28307.539
MinimumVisualStudioVersion = 10.0.40219.1
Project("{FAE04EC0-301F-11D3-BF4B-00C04F79EFBC}") = "DomoTroller2", "DomoTroller2\DomoTroller2.csproj", "{42CE1C8A-6232-456C-AE10-5895F26C8187}"
EndProject
Project("{FAE04EC0-301F-11D3-BF4B-00C04F79EFBC}") = "DomoTroller2.Tests", "DomoTroller2.Tests\DomoTroller2.Tests.csproj", "{AFECB605-DB6C-4BF0-9B5C-B5E39F571F99}"
EndProject
Project("{FAE04EC0-301F-11D3-BF4B-00C04F79EFBC}") = "DomoTroller2.EventStore", "DomoTroller2.EventStore\DomoTroller2.EventStore.csproj", "{C3FBE60E-31AD-46FD-97A7-49E2FD41EFB0}"
EndProject
Project("{FAE04EC0-301F-11D3-BF4B-00C04F79EFBC}") = "DomoTroller2.EventStore.Test", "DomoTroller2.EventStore.Test\DomoTroller2.EventStore.Test.csproj", "{1C319911-5E06-4266-B98E-2F4321B84B1E}"
EndProject
Project("{FAE04EC0-301F-11D3-BF4B-00C04F79EFBC}") = "DomoTroller2.ESFramework.Common", "DomoTroller2.ESFramework.Common\DomoTroller2.ESFramework.Common.csproj", "{E0C85CB1-1BD8-48DD-8BEE-800286D144D9}"
EndProject
Global
	GlobalSection(SolutionConfigurationPlatforms) = preSolution
		Debug|Any CPU = Debug|Any CPU
		Release|Any CPU = Release|Any CPU
	EndGlobalSection
	GlobalSection(ProjectConfigurationPlatforms) = postSolution
		{42CE1C8A-6232-456C-AE10-5895F26C8187}.Debug|Any CPU.ActiveCfg = Debug|Any CPU
		{42CE1C8A-6232-456C-AE10-5895F26C8187}.Debug|Any CPU.Build.0 = Debug|Any CPU
		{42CE1C8A-6232-456C-AE10-5895F26C8187}.Release|Any CPU.ActiveCfg = Release|Any CPU
		{42CE1C8A-6232-456C-AE10-5895F26C8187}.Release|Any CPU.Build.0 = Release|Any CPU
		{AFECB605-DB6C-4BF0-9B5C-B5E39F571F99}.Debug|Any CPU.ActiveCfg = Debug|Any CPU
		{AFECB605-DB6C-4BF0-9B5C-B5E39F571F99}.Debug|Any CPU.Build.0 = Debug|Any CPU
		{AFECB605-DB6C-4BF0-9B5C-B5E39F571F99}.Release|Any CPU.ActiveCfg = Release|Any CPU
		{AFECB605-DB6C-4BF0-9B5C-B5E39F571F99}.Release|Any CPU.Build.0 = Release|Any CPU
		{C3FBE60E-31AD-46FD-97A7-49E2FD41EFB0}.Debug|Any CPU.ActiveCfg = Debug|Any CPU
		{C3FBE60E-31AD-46FD-97A7-49E2FD41EFB0}.Debug|Any CPU.Build.0 = Debug|Any CPU
		{C3FBE60E-31AD-46FD-97A7-49E2FD41EFB0}.Release|Any CPU.ActiveCfg = Release|Any CPU
		{C3FBE60E-31AD-46FD-97A7-49E2FD41EFB0}.Release|Any CPU.Build.0 = Release|Any CPU
		{1C319911-5E06-4266-B98E-2F4321B84B1E}.Debug|Any CPU.ActiveCfg = Debug|Any CPU
		{1C319911-5E06-4266-B98E-2F4321B84B1E}.Debug|Any CPU.Build.0 = Debug|Any CPU
		{1C319911-5E06-4266-B98E-2F4321B84B1E}.Release|Any CPU.ActiveCfg = Release|Any CPU
		{1C319911-5E06-4266-B98E-2F4321B84B1E}.Release|Any CPU.Build.0 = Release|Any CPU
		{E0C85CB1-1BD8-48DD-8BEE-800286D144D9}.Debug|Any CPU.ActiveCfg = Debug|Any CPU
		{E0C85CB1-1BD8-48DD-8BEE-800286D144D9}.Debug|Any CPU.Build.0 = Debug|Any CPU
		{E0C85CB1-1BD8-48DD-8BEE-800286D144D9}.Release|Any CPU.ActiveCfg = Release|Any CPU
		{E0C85CB1-1BD8-48DD-8BEE-800286D144D9}.Release|Any CPU.Build.0 = Release|Any CPU
	EndGlobalSection
	GlobalSection(SolutionProperties) = preSolution
		HideSolutionNode = FALSE
	EndGlobalSection
EndGlobal
